// !$*UTF8*$!
{
	archiveVersion = 1;
	classes = {
	};
	objectVersion = 56;
	objects = {

/* Begin PBXBuildFile section */
		C87F05BB2BCBB0A200087FCB /* architecturetemplatesApp.swift in Sources */ = {isa = PBXBuildFile; fileRef = C87F05BA2BCBB0A200087FCB /* architecturetemplatesApp.swift */; };
		C87F05BD2BCBB0A200087FCB /* ContentView.swift in Sources */ = {isa = PBXBuildFile; fileRef = C87F05BC2BCBB0A200087FCB /* ContentView.swift */; };
		C87F05BF2BCBB0A500087FCB /* Assets.xcassets in Resources */ = {isa = PBXBuildFile; fileRef = C87F05BE2BCBB0A500087FCB /* Assets.xcassets */; };
		C87F05C32BCBB0A500087FCB /* Preview Assets.xcassets in Resources */ = {isa = PBXBuildFile; fileRef = C87F05C22BCBB0A500087FCB /* Preview Assets.xcassets */; };
		C87F05CD2BCBB0A500087FCB /* architecturetemplatesTests.swift in Sources */ = {isa = PBXBuildFile; fileRef = C87F05CC2BCBB0A500087FCB /* architecturetemplatesTests.swift */; };
		C87F05D72BCBB0A500087FCB /* architecturetemplatesUITests.swift in Sources */ = {isa = PBXBuildFile; fileRef = C87F05D62BCBB0A500087FCB /* architecturetemplatesUITests.swift */; };
		C87F05D92BCBB0A500087FCB /* architecturetemplatesUITestsLaunchTests.swift in Sources */ = {isa = PBXBuildFile; fileRef = C87F05D82BCBB0A500087FCB /* architecturetemplatesUITestsLaunchTests.swift */; };
		C8E5ADB32BD2BBD00098101A /* libsqlite3.tbd in Frameworks */ = {isa = PBXBuildFile; fileRef = C8E5ADB22BD2BBD00098101A /* libsqlite3.tbd */; };
/* End PBXBuildFile section */

/* Begin PBXContainerItemProxy section */
		C87F05C92BCBB0A500087FCB /* PBXContainerItemProxy */ = {
			isa = PBXContainerItemProxy;
			containerPortal = C87F05AF2BCBB0A200087FCB /* Project object */;
			proxyType = 1;
			remoteGlobalIDString = C87F05B62BCBB0A200087FCB;
			remoteInfo = architecturetemplates;
		};
		C87F05D32BCBB0A500087FCB /* PBXContainerItemProxy */ = {
			isa = PBXContainerItemProxy;
			containerPortal = C87F05AF2BCBB0A200087FCB /* Project object */;
			proxyType = 1;
			remoteGlobalIDString = C87F05B62BCBB0A200087FCB;
			remoteInfo = architecturetemplates;
		};
/* End PBXContainerItemProxy section */

/* Begin PBXFileReference section */
		C87F05B72BCBB0A200087FCB /* architecturetemplates.app */ = {isa = PBXFileReference; explicitFileType = wrapper.application; includeInIndex = 0; path = architecturetemplates.app; sourceTree = BUILT_PRODUCTS_DIR; };
		C87F05BA2BCBB0A200087FCB /* architecturetemplatesApp.swift */ = {isa = PBXFileReference; lastKnownFileType = sourcecode.swift; path = architecturetemplatesApp.swift; sourceTree = "<group>"; };
		C87F05BC2BCBB0A200087FCB /* ContentView.swift */ = {isa = PBXFileReference; lastKnownFileType = sourcecode.swift; path = ContentView.swift; sourceTree = "<group>"; };
		C87F05BE2BCBB0A500087FCB /* Assets.xcassets */ = {isa = PBXFileReference; lastKnownFileType = folder.assetcatalog; path = Assets.xcassets; sourceTree = "<group>"; };
		C87F05C02BCBB0A500087FCB /* architecturetemplates.entitlements */ = {isa = PBXFileReference; lastKnownFileType = text.plist.entitlements; path = architecturetemplates.entitlements; sourceTree = "<group>"; };
		C87F05C22BCBB0A500087FCB /* Preview Assets.xcassets */ = {isa = PBXFileReference; lastKnownFileType = folder.assetcatalog; path = "Preview Assets.xcassets"; sourceTree = "<group>"; };
		C87F05C82BCBB0A500087FCB /* architecturetemplatesTests.xctest */ = {isa = PBXFileReference; explicitFileType = wrapper.cfbundle; includeInIndex = 0; path = architecturetemplatesTests.xctest; sourceTree = BUILT_PRODUCTS_DIR; };
		C87F05CC2BCBB0A500087FCB /* architecturetemplatesTests.swift */ = {isa = PBXFileReference; lastKnownFileType = sourcecode.swift; path = architecturetemplatesTests.swift; sourceTree = "<group>"; };
		C87F05D22BCBB0A500087FCB /* architecturetemplatesUITests.xctest */ = {isa = PBXFileReference; explicitFileType = wrapper.cfbundle; includeInIndex = 0; path = architecturetemplatesUITests.xctest; sourceTree = BUILT_PRODUCTS_DIR; };
		C87F05D62BCBB0A500087FCB /* architecturetemplatesUITests.swift */ = {isa = PBXFileReference; lastKnownFileType = sourcecode.swift; path = architecturetemplatesUITests.swift; sourceTree = "<group>"; };
		C87F05D82BCBB0A500087FCB /* architecturetemplatesUITestsLaunchTests.swift */ = {isa = PBXFileReference; lastKnownFileType = sourcecode.swift; path = architecturetemplatesUITestsLaunchTests.swift; sourceTree = "<group>"; };
		C8E5ADB22BD2BBD00098101A /* libsqlite3.tbd */ = {isa = PBXFileReference; lastKnownFileType = "sourcecode.text-based-dylib-definition"; name = libsqlite3.tbd; path = Platforms/iPhoneOS.platform/Developer/SDKs/iPhoneOS17.4.sdk/usr/lib/libsqlite3.tbd; sourceTree = DEVELOPER_DIR; };
/* End PBXFileReference section */

/* Begin PBXFrameworksBuildPhase section */
		C87F05B42BCBB0A200087FCB /* Frameworks */ = {
			isa = PBXFrameworksBuildPhase;
			buildActionMask = 2147483647;
			files = (
				C8E5ADB32BD2BBD00098101A /* libsqlite3.tbd in Frameworks */,
			);
			runOnlyForDeploymentPostprocessing = 0;
		};
		C87F05C52BCBB0A500087FCB /* Frameworks */ = {
			isa = PBXFrameworksBuildPhase;
			buildActionMask = 2147483647;
			files = (
			);
			runOnlyForDeploymentPostprocessing = 0;
		};
		C87F05CF2BCBB0A500087FCB /* Frameworks */ = {
			isa = PBXFrameworksBuildPhase;
			buildActionMask = 2147483647;
			files = (
			);
			runOnlyForDeploymentPostprocessing = 0;
		};
/* End PBXFrameworksBuildPhase section */

/* Begin PBXGroup section */
		C87F05AE2BCBB0A200087FCB = {
			isa = PBXGroup;
			children = (
				C87F05B92BCBB0A200087FCB /* architecturetemplates */,
				C87F05CB2BCBB0A500087FCB /* architecturetemplatesTests */,
				C87F05D52BCBB0A500087FCB /* architecturetemplatesUITests */,
				C87F05B82BCBB0A200087FCB /* Products */,
				C8E5ADB12BD2BBD00098101A /* Frameworks */,
			);
			sourceTree = "<group>";
		};
		C87F05B82BCBB0A200087FCB /* Products */ = {
			isa = PBXGroup;
			children = (
				C87F05B72BCBB0A200087FCB /* architecturetemplates.app */,
				C87F05C82BCBB0A500087FCB /* architecturetemplatesTests.xctest */,
				C87F05D22BCBB0A500087FCB /* architecturetemplatesUITests.xctest */,
			);
			name = Products;
			sourceTree = "<group>";
		};
		C87F05B92BCBB0A200087FCB /* architecturetemplates */ = {
			isa = PBXGroup;
			children = (
				C87F05BA2BCBB0A200087FCB /* architecturetemplatesApp.swift */,
				C87F05BC2BCBB0A200087FCB /* ContentView.swift */,
				C87F05BE2BCBB0A500087FCB /* Assets.xcassets */,
				C87F05C02BCBB0A500087FCB /* architecturetemplates.entitlements */,
				C87F05C12BCBB0A500087FCB /* Preview Content */,
			);
			path = architecturetemplates;
			sourceTree = "<group>";
		};
		C87F05C12BCBB0A500087FCB /* Preview Content */ = {
			isa = PBXGroup;
			children = (
				C87F05C22BCBB0A500087FCB /* Preview Assets.xcassets */,
			);
			path = "Preview Content";
			sourceTree = "<group>";
		};
		C87F05CB2BCBB0A500087FCB /* architecturetemplatesTests */ = {
			isa = PBXGroup;
			children = (
				C87F05CC2BCBB0A500087FCB /* architecturetemplatesTests.swift */,
			);
			path = architecturetemplatesTests;
			sourceTree = "<group>";
		};
		C87F05D52BCBB0A500087FCB /* architecturetemplatesUITests */ = {
			isa = PBXGroup;
			children = (
				C87F05D62BCBB0A500087FCB /* architecturetemplatesUITests.swift */,
				C87F05D82BCBB0A500087FCB /* architecturetemplatesUITestsLaunchTests.swift */,
			);
			path = architecturetemplatesUITests;
			sourceTree = "<group>";
		};
		C8E5ADB12BD2BBD00098101A /* Frameworks */ = {
			isa = PBXGroup;
			children = (
				C8E5ADB22BD2BBD00098101A /* libsqlite3.tbd */,
			);
			name = Frameworks;
			sourceTree = "<group>";
		};
/* End PBXGroup section */

/* Begin PBXNativeTarget section */
		C87F05B62BCBB0A200087FCB /* architecturetemplates */ = {
			isa = PBXNativeTarget;
			buildConfigurationList = C87F05DC2BCBB0A500087FCB /* Build configuration list for PBXNativeTarget "architecturetemplates" */;
			buildPhases = (
				C87F05E52BCBB3AE00087FCB /* ShellScript */,
				C87F05B32BCBB0A200087FCB /* Sources */,
				C87F05B42BCBB0A200087FCB /* Frameworks */,
				C87F05B52BCBB0A200087FCB /* Resources */,
			);
			buildRules = (
			);
			dependencies = (
			);
			name = architecturetemplates;
			productName = architecturetemplates;
			productReference = C87F05B72BCBB0A200087FCB /* architecturetemplates.app */;
			productType = "com.apple.product-type.application";
		};
		C87F05C72BCBB0A500087FCB /* architecturetemplatesTests */ = {
			isa = PBXNativeTarget;
			buildConfigurationList = C87F05DF2BCBB0A500087FCB /* Build configuration list for PBXNativeTarget "architecturetemplatesTests" */;
			buildPhases = (
				C87F05C42BCBB0A500087FCB /* Sources */,
				C87F05C52BCBB0A500087FCB /* Frameworks */,
				C87F05C62BCBB0A500087FCB /* Resources */,
			);
			buildRules = (
			);
			dependencies = (
				C87F05CA2BCBB0A500087FCB /* PBXTargetDependency */,
			);
			name = architecturetemplatesTests;
			productName = architecturetemplatesTests;
			productReference = C87F05C82BCBB0A500087FCB /* architecturetemplatesTests.xctest */;
			productType = "com.apple.product-type.bundle.unit-test";
		};
		C87F05D12BCBB0A500087FCB /* architecturetemplatesUITests */ = {
			isa = PBXNativeTarget;
			buildConfigurationList = C87F05E22BCBB0A500087FCB /* Build configuration list for PBXNativeTarget "architecturetemplatesUITests" */;
			buildPhases = (
				C87F05CE2BCBB0A500087FCB /* Sources */,
				C87F05CF2BCBB0A500087FCB /* Frameworks */,
				C87F05D02BCBB0A500087FCB /* Resources */,
			);
			buildRules = (
			);
			dependencies = (
				C87F05D42BCBB0A500087FCB /* PBXTargetDependency */,
			);
			name = architecturetemplatesUITests;
			productName = architecturetemplatesUITests;
			productReference = C87F05D22BCBB0A500087FCB /* architecturetemplatesUITests.xctest */;
			productType = "com.apple.product-type.bundle.ui-testing";
		};
/* End PBXNativeTarget section */

/* Begin PBXProject section */
		C87F05AF2BCBB0A200087FCB /* Project object */ = {
			isa = PBXProject;
			attributes = {
				BuildIndependentTargetsInParallel = 1;
				LastSwiftUpdateCheck = 1530;
				LastUpgradeCheck = 1530;
				TargetAttributes = {
					C87F05B62BCBB0A200087FCB = {
						CreatedOnToolsVersion = 15.3;
					};
					C87F05C72BCBB0A500087FCB = {
						CreatedOnToolsVersion = 15.3;
						TestTargetID = C87F05B62BCBB0A200087FCB;
					};
					C87F05D12BCBB0A500087FCB = {
						CreatedOnToolsVersion = 15.3;
						TestTargetID = C87F05B62BCBB0A200087FCB;
					};
				};
			};
			buildConfigurationList = C87F05B22BCBB0A200087FCB /* Build configuration list for PBXProject "architecturetemplates" */;
			compatibilityVersion = "Xcode 14.0";
			developmentRegion = en;
			hasScannedForEncodings = 0;
			knownRegions = (
				en,
				Base,
			);
			mainGroup = C87F05AE2BCBB0A200087FCB;
			productRefGroup = C87F05B82BCBB0A200087FCB /* Products */;
			projectDirPath = "";
			projectRoot = "";
			targets = (
				C87F05B62BCBB0A200087FCB /* architecturetemplates */,
				C87F05C72BCBB0A500087FCB /* architecturetemplatesTests */,
				C87F05D12BCBB0A500087FCB /* architecturetemplatesUITests */,
			);
		};
/* End PBXProject section */

/* Begin PBXResourcesBuildPhase section */
		C87F05B52BCBB0A200087FCB /* Resources */ = {
			isa = PBXResourcesBuildPhase;
			buildActionMask = 2147483647;
			files = (
				C87F05C32BCBB0A500087FCB /* Preview Assets.xcassets in Resources */,
				C87F05BF2BCBB0A500087FCB /* Assets.xcassets in Resources */,
			);
			runOnlyForDeploymentPostprocessing = 0;
		};
		C87F05C62BCBB0A500087FCB /* Resources */ = {
			isa = PBXResourcesBuildPhase;
			buildActionMask = 2147483647;
			files = (
			);
			runOnlyForDeploymentPostprocessing = 0;
		};
		C87F05D02BCBB0A500087FCB /* Resources */ = {
			isa = PBXResourcesBuildPhase;
			buildActionMask = 2147483647;
			files = (
			);
			runOnlyForDeploymentPostprocessing = 0;
		};
/* End PBXResourcesBuildPhase section */

/* Begin PBXShellScriptBuildPhase section */
		C87F05E52BCBB3AE00087FCB /* ShellScript */ = {
			isa = PBXShellScriptBuildPhase;
			buildActionMask = 2147483647;
			files = (
			);
			inputFileListPaths = (
			);
			inputPaths = (
			);
			outputFileListPaths = (
			);
			outputPaths = (
			);
			runOnlyForDeploymentPostprocessing = 0;
			shellPath = /bin/sh;
			shellScript = "cd \"$SRCROOT/..\"\n./gradlew :composeApp:embedAndSignAppleFrameworkForXcode\n";
		};
/* End PBXShellScriptBuildPhase section */

/* Begin PBXSourcesBuildPhase section */
		C87F05B32BCBB0A200087FCB /* Sources */ = {
			isa = PBXSourcesBuildPhase;
			buildActionMask = 2147483647;
			files = (
				C87F05BD2BCBB0A200087FCB /* ContentView.swift in Sources */,
				C87F05BB2BCBB0A200087FCB /* architecturetemplatesApp.swift in Sources */,
			);
			runOnlyForDeploymentPostprocessing = 0;
		};
		C87F05C42BCBB0A500087FCB /* Sources */ = {
			isa = PBXSourcesBuildPhase;
			buildActionMask = 2147483647;
			files = (
				C87F05CD2BCBB0A500087FCB /* architecturetemplatesTests.swift in Sources */,
			);
			runOnlyForDeploymentPostprocessing = 0;
		};
		C87F05CE2BCBB0A500087FCB /* Sources */ = {
			isa = PBXSourcesBuildPhase;
			buildActionMask = 2147483647;
			files = (
				C87F05D72BCBB0A500087FCB /* architecturetemplatesUITests.swift in Sources */,
				C87F05D92BCBB0A500087FCB /* architecturetemplatesUITestsLaunchTests.swift in Sources */,
			);
			runOnlyForDeploymentPostprocessing = 0;
		};
/* End PBXSourcesBuildPhase section */

/* Begin PBXTargetDependency section */
		C87F05CA2BCBB0A500087FCB /* PBXTargetDependency */ = {
			isa = PBXTargetDependency;
			target = C87F05B62BCBB0A200087FCB /* architecturetemplates */;
			targetProxy = C87F05C92BCBB0A500087FCB /* PBXContainerItemProxy */;
		};
		C87F05D42BCBB0A500087FCB /* PBXTargetDependency */ = {
			isa = PBXTargetDependency;
			target = C87F05B62BCBB0A200087FCB /* architecturetemplates */;
			targetProxy = C87F05D32BCBB0A500087FCB /* PBXContainerItemProxy */;
		};
/* End PBXTargetDependency section */

/* Begin XCBuildConfiguration section */
		C87F05DA2BCBB0A500087FCB /* Debug */ = {
			isa = XCBuildConfiguration;
			buildSettings = {
				ALWAYS_SEARCH_USER_PATHS = NO;
				ASSETCATALOG_COMPILER_GENERATE_SWIFT_ASSET_SYMBOL_EXTENSIONS = YES;
				CLANG_ANALYZER_NONNULL = YES;
				CLANG_ANALYZER_NUMBER_OBJECT_CONVERSION = YES_AGGRESSIVE;
				CLANG_CXX_LANGUAGE_STANDARD = "gnu++20";
				CLANG_ENABLE_MODULES = YES;
				CLANG_ENABLE_OBJC_ARC = YES;
				CLANG_ENABLE_OBJC_WEAK = YES;
				CLANG_WARN_BLOCK_CAPTURE_AUTORELEASING = YES;
				CLANG_WARN_BOOL_CONVERSION = YES;
				CLANG_WARN_COMMA = YES;
				CLANG_WARN_CONSTANT_CONVERSION = YES;
				CLANG_WARN_DEPRECATED_OBJC_IMPLEMENTATIONS = YES;
				CLANG_WARN_DIRECT_OBJC_ISA_USAGE = YES_ERROR;
				CLANG_WARN_DOCUMENTATION_COMMENTS = YES;
				CLANG_WARN_EMPTY_BODY = YES;
				CLANG_WARN_ENUM_CONVERSION = YES;
				CLANG_WARN_INFINITE_RECURSION = YES;
				CLANG_WARN_INT_CONVERSION = YES;
				CLANG_WARN_NON_LITERAL_NULL_CONVERSION = YES;
				CLANG_WARN_OBJC_IMPLICIT_RETAIN_SELF = YES;
				CLANG_WARN_OBJC_LITERAL_CONVERSION = YES;
				CLANG_WARN_OBJC_ROOT_CLASS = YES_ERROR;
				CLANG_WARN_QUOTED_INCLUDE_IN_FRAMEWORK_HEADER = YES;
				CLANG_WARN_RANGE_LOOP_ANALYSIS = YES;
				CLANG_WARN_STRICT_PROTOTYPES = YES;
				CLANG_WARN_SUSPICIOUS_MOVE = YES;
				CLANG_WARN_UNGUARDED_AVAILABILITY = YES_AGGRESSIVE;
				CLANG_WARN_UNREACHABLE_CODE = YES;
				CLANG_WARN__DUPLICATE_METHOD_MATCH = YES;
				COPY_PHASE_STRIP = NO;
				DEBUG_INFORMATION_FORMAT = dwarf;
				ENABLE_STRICT_OBJC_MSGSEND = YES;
				ENABLE_TESTABILITY = YES;
				ENABLE_USER_SCRIPT_SANDBOXING = YES;
				GCC_C_LANGUAGE_STANDARD = gnu17;
				GCC_DYNAMIC_NO_PIC = NO;
				GCC_NO_COMMON_BLOCKS = YES;
				GCC_OPTIMIZATION_LEVEL = 0;
				GCC_PREPROCESSOR_DEFINITIONS = (
					"DEBUG=1",
					"$(inherited)",
				);
				GCC_WARN_64_TO_32_BIT_CONVERSION = YES;
				GCC_WARN_ABOUT_RETURN_TYPE = YES_ERROR;
				GCC_WARN_UNDECLARED_SELECTOR = YES;
				GCC_WARN_UNINITIALIZED_AUTOS = YES_AGGRESSIVE;
				GCC_WARN_UNUSED_FUNCTION = YES;
				GCC_WARN_UNUSED_VARIABLE = YES;
				LOCALIZATION_PREFERS_STRING_CATALOGS = YES;
				MTL_ENABLE_DEBUG_INFO = INCLUDE_SOURCE;
				MTL_FAST_MATH = YES;
				ONLY_ACTIVE_ARCH = YES;
				SWIFT_ACTIVE_COMPILATION_CONDITIONS = "DEBUG $(inherited)";
				SWIFT_OPTIMIZATION_LEVEL = "-Onone";
			};
			name = Debug;
		};
		C87F05DB2BCBB0A500087FCB /* Release */ = {
			isa = XCBuildConfiguration;
			buildSettings = {
				ALWAYS_SEARCH_USER_PATHS = NO;
				ASSETCATALOG_COMPILER_GENERATE_SWIFT_ASSET_SYMBOL_EXTENSIONS = YES;
				CLANG_ANALYZER_NONNULL = YES;
				CLANG_ANALYZER_NUMBER_OBJECT_CONVERSION = YES_AGGRESSIVE;
				CLANG_CXX_LANGUAGE_STANDARD = "gnu++20";
				CLANG_ENABLE_MODULES = YES;
				CLANG_ENABLE_OBJC_ARC = YES;
				CLANG_ENABLE_OBJC_WEAK = YES;
				CLANG_WARN_BLOCK_CAPTURE_AUTORELEASING = YES;
				CLANG_WARN_BOOL_CONVERSION = YES;
				CLANG_WARN_COMMA = YES;
				CLANG_WARN_CONSTANT_CONVERSION = YES;
				CLANG_WARN_DEPRECATED_OBJC_IMPLEMENTATIONS = YES;
				CLANG_WARN_DIRECT_OBJC_ISA_USAGE = YES_ERROR;
				CLANG_WARN_DOCUMENTATION_COMMENTS = YES;
				CLANG_WARN_EMPTY_BODY = YES;
				CLANG_WARN_ENUM_CONVERSION = YES;
				CLANG_WARN_INFINITE_RECURSION = YES;
				CLANG_WARN_INT_CONVERSION = YES;
				CLANG_WARN_NON_LITERAL_NULL_CONVERSION = YES;
				CLANG_WARN_OBJC_IMPLICIT_RETAIN_SELF = YES;
				CLANG_WARN_OBJC_LITERAL_CONVERSION = YES;
				CLANG_WARN_OBJC_ROOT_CLASS = YES_ERROR;
				CLANG_WARN_QUOTED_INCLUDE_IN_FRAMEWORK_HEADER = YES;
				CLANG_WARN_RANGE_LOOP_ANALYSIS = YES;
				CLANG_WARN_STRICT_PROTOTYPES = YES;
				CLANG_WARN_SUSPICIOUS_MOVE = YES;
				CLANG_WARN_UNGUARDED_AVAILABILITY = YES_AGGRESSIVE;
				CLANG_WARN_UNREACHABLE_CODE = YES;
				CLANG_WARN__DUPLICATE_METHOD_MATCH = YES;
				COPY_PHASE_STRIP = NO;
				DEBUG_INFORMATION_FORMAT = "dwarf-with-dsym";
				ENABLE_NS_ASSERTIONS = NO;
				ENABLE_STRICT_OBJC_MSGSEND = YES;
				ENABLE_USER_SCRIPT_SANDBOXING = YES;
				GCC_C_LANGUAGE_STANDARD = gnu17;
				GCC_NO_COMMON_BLOCKS = YES;
				GCC_WARN_64_TO_32_BIT_CONVERSION = YES;
				GCC_WARN_ABOUT_RETURN_TYPE = YES_ERROR;
				GCC_WARN_UNDECLARED_SELECTOR = YES;
				GCC_WARN_UNINITIALIZED_AUTOS = YES_AGGRESSIVE;
				GCC_WARN_UNUSED_FUNCTION = YES;
				GCC_WARN_UNUSED_VARIABLE = YES;
				LOCALIZATION_PREFERS_STRING_CATALOGS = YES;
				MTL_ENABLE_DEBUG_INFO = NO;
				MTL_FAST_MATH = YES;
				SWIFT_COMPILATION_MODE = wholemodule;
			};
			name = Release;
		};
		C87F05DD2BCBB0A500087FCB /* Debug */ = {
			isa = XCBuildConfiguration;
			buildSettings = {
				ASSETCATALOG_COMPILER_APPICON_NAME = AppIcon;
				ASSETCATALOG_COMPILER_GLOBAL_ACCENT_COLOR_NAME = AccentColor;
				CODE_SIGN_ENTITLEMENTS = architecturetemplates/architecturetemplates.entitlements;
				CODE_SIGN_STYLE = Automatic;
				CURRENT_PROJECT_VERSION = 1;
				DEVELOPMENT_ASSET_PATHS = "\"architecturetemplates/Preview Content\"";
				DEVELOPMENT_TEAM = 37VPN352DG;
				ENABLE_HARDENED_RUNTIME = YES;
				ENABLE_PREVIEWS = YES;
				ENABLE_USER_SCRIPT_SANDBOXING = NO;
				FRAMEWORK_SEARCH_PATHS = "$(SRCROOT)/../composeApp/build/xcode-frameworks/$(CONFIGURATION)/$(SDK_NAME)";
				GENERATE_INFOPLIST_FILE = YES;
				"INFOPLIST_KEY_UIApplicationSceneManifest_Generation[sdk=iphoneos*]" = YES;
				"INFOPLIST_KEY_UIApplicationSceneManifest_Generation[sdk=iphonesimulator*]" = YES;
				"INFOPLIST_KEY_UIApplicationSupportsIndirectInputEvents[sdk=iphoneos*]" = YES;
				"INFOPLIST_KEY_UIApplicationSupportsIndirectInputEvents[sdk=iphonesimulator*]" = YES;
				"INFOPLIST_KEY_UILaunchScreen_Generation[sdk=iphoneos*]" = YES;
				"INFOPLIST_KEY_UILaunchScreen_Generation[sdk=iphonesimulator*]" = YES;
				"INFOPLIST_KEY_UIStatusBarStyle[sdk=iphoneos*]" = UIStatusBarStyleDefault;
				"INFOPLIST_KEY_UIStatusBarStyle[sdk=iphonesimulator*]" = UIStatusBarStyleDefault;
				INFOPLIST_KEY_UISupportedInterfaceOrientations_iPad = "UIInterfaceOrientationPortrait UIInterfaceOrientationPortraitUpsideDown UIInterfaceOrientationLandscapeLeft UIInterfaceOrientationLandscapeRight";
				INFOPLIST_KEY_UISupportedInterfaceOrientations_iPhone = "UIInterfaceOrientationPortrait UIInterfaceOrientationLandscapeLeft UIInterfaceOrientationLandscapeRight";
				IPHONEOS_DEPLOYMENT_TARGET = 17.4;
				LD_RUNPATH_SEARCH_PATHS = "@executable_path/Frameworks";
				"LD_RUNPATH_SEARCH_PATHS[sdk=macosx*]" = "@executable_path/../Frameworks";
				MACOSX_DEPLOYMENT_TARGET = 14.4;
				MARKETING_VERSION = 1.0;
				PRODUCT_BUNDLE_IDENTIFIER = vnteam.architecturetemplates;
				PRODUCT_NAME = "$(TARGET_NAME)";
				SDKROOT = auto;
				SUPPORTED_PLATFORMS = "iphoneos iphonesimulator macosx";
				SWIFT_EMIT_LOC_STRINGS = YES;
				SWIFT_VERSION = 5.0;
				TARGETED_DEVICE_FAMILY = "1,2";
			};
			name = Debug;
		};
		C87F05DE2BCBB0A500087FCB /* Release */ = {
			isa = XCBuildConfiguration;
			buildSettings = {
				ASSETCATALOG_COMPILER_APPICON_NAME = AppIcon;
				ASSETCATALOG_COMPILER_GLOBAL_ACCENT_COLOR_NAME = AccentColor;
				CODE_SIGN_ENTITLEMENTS = architecturetemplates/architecturetemplates.entitlements;
				CODE_SIGN_STYLE = Automatic;
				CURRENT_PROJECT_VERSION = 1;
				DEVELOPMENT_ASSET_PATHS = "\"architecturetemplates/Preview Content\"";
				DEVELOPMENT_TEAM = 37VPN352DG;
				ENABLE_HARDENED_RUNTIME = YES;
				ENABLE_PREVIEWS = YES;
				ENABLE_USER_SCRIPT_SANDBOXING = NO;
				FRAMEWORK_SEARCH_PATHS = "$(SRCROOT)/../composeApp/build/xcode-frameworks/$(CONFIGURATION)/$(SDK_NAME)";
				GENERATE_INFOPLIST_FILE = YES;
				"INFOPLIST_KEY_UIApplicationSceneManifest_Generation[sdk=iphoneos*]" = YES;
				"INFOPLIST_KEY_UIApplicationSceneManifest_Generation[sdk=iphonesimulator*]" = YES;
				"INFOPLIST_KEY_UIApplicationSupportsIndirectInputEvents[sdk=iphoneos*]" = YES;
				"INFOPLIST_KEY_UIApplicationSupportsIndirectInputEvents[sdk=iphonesimulator*]" = YES;
				"INFOPLIST_KEY_UILaunchScreen_Generation[sdk=iphoneos*]" = YES;
				"INFOPLIST_KEY_UILaunchScreen_Generation[sdk=iphonesimulator*]" = YES;
				"INFOPLIST_KEY_UIStatusBarStyle[sdk=iphoneos*]" = UIStatusBarStyleDefault;
				"INFOPLIST_KEY_UIStatusBarStyle[sdk=iphonesimulator*]" = UIStatusBarStyleDefault;
				INFOPLIST_KEY_UISupportedInterfaceOrientations_iPad = "UIInterfaceOrientationPortrait UIInterfaceOrientationPortraitUpsideDown UIInterfaceOrientationLandscapeLeft UIInterfaceOrientationLandscapeRight";
				INFOPLIST_KEY_UISupportedInterfaceOrientations_iPhone = "UIInterfaceOrientationPortrait UIInterfaceOrientationLandscapeLeft UIInterfaceOrientationLandscapeRight";
				IPHONEOS_DEPLOYMENT_TARGET = 17.4;
				LD_RUNPATH_SEARCH_PATHS = "@executable_path/Frameworks";
				"LD_RUNPATH_SEARCH_PATHS[sdk=macosx*]" = "@executable_path/../Frameworks";
				MACOSX_DEPLOYMENT_TARGET = 14.4;
				MARKETING_VERSION = 1.0;
				PRODUCT_BUNDLE_IDENTIFIER = vnteam.architecturetemplates;
				PRODUCT_NAME = "$(TARGET_NAME)";
				SDKROOT = auto;
				SUPPORTED_PLATFORMS = "iphoneos iphonesimulator macosx";
				SWIFT_EMIT_LOC_STRINGS = YES;
				SWIFT_VERSION = 5.0;
				TARGETED_DEVICE_FAMILY = "1,2";
			};
			name = Release;
		};
		C87F05E02BCBB0A500087FCB /* Debug */ = {
			isa = XCBuildConfiguration;
			buildSettings = {
				ALWAYS_EMBED_SWIFT_STANDARD_LIBRARIES = YES;
				BUNDLE_LOADER = "$(TEST_HOST)";
				CODE_SIGN_STYLE = Automatic;
				CURRENT_PROJECT_VERSION = 1;
				DEVELOPMENT_TEAM = 37VPN352DG;
				GENERATE_INFOPLIST_FILE = YES;
				IPHONEOS_DEPLOYMENT_TARGET = 17.4;
				MACOSX_DEPLOYMENT_TARGET = 14.4;
				MARKETING_VERSION = 1.0;
				PRODUCT_BUNDLE_IDENTIFIER = vnteam.architecturetemplatesTests;
				PRODUCT_NAME = "$(TARGET_NAME)";
				SDKROOT = auto;
				SUPPORTED_PLATFORMS = "iphoneos iphonesimulator macosx";
				SWIFT_EMIT_LOC_STRINGS = NO;
				SWIFT_VERSION = 5.0;
				TARGETED_DEVICE_FAMILY = "1,2";
				TEST_HOST = "$(BUILT_PRODUCTS_DIR)/architecturetemplates.app/$(BUNDLE_EXECUTABLE_FOLDER_PATH)/architecturetemplates";
			};
			name = Debug;
		};
		C87F05E12BCBB0A500087FCB /* Release */ = {
			isa = XCBuildConfiguration;
			buildSettings = {
				ALWAYS_EMBED_SWIFT_STANDARD_LIBRARIES = YES;
				BUNDLE_LOADER = "$(TEST_HOST)";
				CODE_SIGN_STYLE = Automatic;
				CURRENT_PROJECT_VERSION = 1;
				DEVELOPMENT_TEAM = 37VPN352DG;
				GENERATE_INFOPLIST_FILE = YES;
				IPHONEOS_DEPLOYMENT_TARGET = 17.4;
				MACOSX_DEPLOYMENT_TARGET = 14.4;
				MARKETING_VERSION = 1.0;
				PRODUCT_BUNDLE_IDENTIFIER = vnteam.architecturetemplatesTests;
				PRODUCT_NAME = "$(TARGET_NAME)";
				SDKROOT = auto;
				SUPPORTED_PLATFORMS = "iphoneos iphonesimulator macosx";
				SWIFT_EMIT_LOC_STRINGS = NO;
				SWIFT_VERSION = 5.0;
				TARGETED_DEVICE_FAMILY = "1,2";
				TEST_HOST = "$(BUILT_PRODUCTS_DIR)/architecturetemplates.app/$(BUNDLE_EXECUTABLE_FOLDER_PATH)/architecturetemplates";
			};
			name = Release;
		};
		C87F05E32BCBB0A500087FCB /* Debug */ = {
			isa = XCBuildConfiguration;
			buildSettings = {
				ALWAYS_EMBED_SWIFT_STANDARD_LIBRARIES = YES;
				CODE_SIGN_STYLE = Automatic;
				CURRENT_PROJECT_VERSION = 1;
				DEVELOPMENT_TEAM = 37VPN352DG;
				GENERATE_INFOPLIST_FILE = YES;
				IPHONEOS_DEPLOYMENT_TARGET = 17.4;
				MACOSX_DEPLOYMENT_TARGET = 14.4;
				MARKETING_VERSION = 1.0;
				PRODUCT_BUNDLE_IDENTIFIER = vnteam.architecturetemplatesUITests;
				PRODUCT_NAME = "$(TARGET_NAME)";
				SDKROOT = auto;
				SUPPORTED_PLATFORMS = "iphoneos iphonesimulator macosx";
				SWIFT_EMIT_LOC_STRINGS = NO;
				SWIFT_VERSION = 5.0;
				TARGETED_DEVICE_FAMILY = "1,2";
				TEST_TARGET_NAME = architecturetemplates;
			};
			name = Debug;
		};
		C87F05E42BCBB0A500087FCB /* Release */ = {
			isa = XCBuildConfiguration;
			buildSettings = {
				ALWAYS_EMBED_SWIFT_STANDARD_LIBRARIES = YES;
				CODE_SIGN_STYLE = Automatic;
				CURRENT_PROJECT_VERSION = 1;
				DEVELOPMENT_TEAM = 37VPN352DG;
				GENERATE_INFOPLIST_FILE = YES;
				IPHONEOS_DEPLOYMENT_TARGET = 17.4;
				MACOSX_DEPLOYMENT_TARGET = 14.4;
				MARKETING_VERSION = 1.0;
				PRODUCT_BUNDLE_IDENTIFIER = vnteam.architecturetemplatesUITests;
				PRODUCT_NAME = "$(TARGET_NAME)";
				SDKROOT = auto;
				SUPPORTED_PLATFORMS = "iphoneos iphonesimulator macosx";
				SWIFT_EMIT_LOC_STRINGS = NO;
				SWIFT_VERSION = 5.0;
				TARGETED_DEVICE_FAMILY = "1,2";
				TEST_TARGET_NAME = architecturetemplates;
			};
			name = Release;
		};
/* End XCBuildConfiguration section */

/* Begin XCConfigurationList section */
		C87F05B22BCBB0A200087FCB /* Build configuration list for PBXProject "architecturetemplates" */ = {
			isa = XCConfigurationList;
			buildConfigurations = (
				C87F05DA2BCBB0A500087FCB /* Debug */,
				C87F05DB2BCBB0A500087FCB /* Release */,
			);
			defaultConfigurationIsVisible = 0;
			defaultConfigurationName = Release;
		};
		C87F05DC2BCBB0A500087FCB /* Build configuration list for PBXNativeTarget "architecturetemplates" */ = {
			isa = XCConfigurationList;
			buildConfigurations = (
				C87F05DD2BCBB0A500087FCB /* Debug */,
				C87F05DE2BCBB0A500087FCB /* Release */,
			);
			defaultConfigurationIsVisible = 0;
			defaultConfigurationName = Release;
		};
		C87F05DF2BCBB0A500087FCB /* Build configuration list for PBXNativeTarget "architecturetemplatesTests" */ = {
			isa = XCConfigurationList;
			buildConfigurations = (
				C87F05E02BCBB0A500087FCB /* Debug */,
				C87F05E12BCBB0A500087FCB /* Release */,
			);
			defaultConfigurationIsVisible = 0;
			defaultConfigurationName = Release;
		};
		C87F05E22BCBB0A500087FCB /* Build configuration list for PBXNativeTarget "architecturetemplatesUITests" */ = {
			isa = XCConfigurationList;
			buildConfigurations = (
				C87F05E32BCBB0A500087FCB /* Debug */,
				C87F05E42BCBB0A500087FCB /* Release */,
			);
			defaultConfigurationIsVisible = 0;
			defaultConfigurationName = Release;
		};
/* End XCConfigurationList section */
	};
	rootObject = C87F05AF2BCBB0A200087FCB /* Project object */;
}
